
Microsoft Visual Studio Solution File, Format Version 12.00
# Visual Studio Version 17
VisualStudioVersion = 17.5.33530.505
MinimumVisualStudioVersion = 10.0.40219.1
Project("{FAE04EC0-301F-11D3-BF4B-00C04F79EFBC}") = "AssiTrain", "AssiTrain\AssiTrain.csproj", "{0C68B88B-9C78-4531-85D8-8D47D0736905}"
EndProject
Global
	GlobalSection(SolutionConfigurationPlatforms) = preSolution
		Debug|Any CPU = Debug|Any CPU
		Release|Any CPU = Release|Any CPU
	EndGlobalSection
	GlobalSection(ProjectConfigurationPlatforms) = postSolution
		{0C68B88B-9C78-4531-85D8-8D47D0736905}.Debug|Any CPU.ActiveCfg = Debug|Any CPU
		{0C68B88B-9C78-4531-85D8-8D47D0736905}.Debug|Any CPU.Build.0 = Debug|Any CPU
		{0C68B88B-9C78-4531-85D8-8D47D0736905}.Release|Any CPU.ActiveCfg = Release|Any CPU
		{0C68B88B-9C78-4531-85D8-8D47D0736905}.Release|Any CPU.Build.0 = Release|Any CPU
	EndGlobalSection
	GlobalSection(SolutionProperties) = preSolution
		HideSolutionNode = FALSE
	EndGlobalSection
	GlobalSection(ExtensibilityGlobals) = postSolution
		SolutionGuid = {524E7A7D-B3A2-4C82-9C82-1EA52A479AFE}
	EndGlobalSection
EndGlobal
